# THIS IS AN AUTOGENERATED FILE. DO NOT EDIT THIS FILE DIRECTLY.
# yarn lockfile v1


haxeshim@^0.9.0:
  version "0.9.0"
  resolved "https://registry.yarnpkg.com/haxeshim/-/haxeshim-0.9.0.tgz#2466ed0cd14bbee369b4fdd20251879620fe97fa"

lix.pm@^0.10.2:
  version "0.10.2"
  resolved "https://registry.yarnpkg.com/lix.pm/-/lix.pm-0.10.2.tgz#5c8e0731f44d293b58c6583dbfaeb9f2b0c10d34"
